
Microsoft Visual Studio Solution File, Format Version 12.00
# Visual Studio Version 17
VisualStudioVersion = 17.4.33110.190
MinimumVisualStudioVersion = 10.0.40219.1
Project("{9A19103F-16F7-4668-BE54-9A1E7A4F7556}") = "Udemy MasterClass", "Udemy MasterClass\Udemy MasterClass.csproj", "{7A7F5008-C54C-40F3-82D5-50E0953699C5}"
EndProject
Project("{9A19103F-16F7-4668-BE54-9A1E7A4F7556}") = "Array", "Array\Array.csproj", "{6B1225D3-CE12-429D-B6CD-C99B129B810B}"
EndProject
Project("{9A19103F-16F7-4668-BE54-9A1E7A4F7556}") = "2DArray", "2DArray\2DArray.csproj", "{2C6DF903-1AF5-4D23-A1CC-DEADC3EB2398}"
EndProject
Project("{9A19103F-16F7-4668-BE54-9A1E7A4F7556}") = "TicTacToe", "TicTacToe\TicTacToe.csproj", "{E6411FA0-4C65-44B9-AE47-F7BD654C5444}"
EndProject
Project("{9A19103F-16F7-4668-BE54-9A1E7A4F7556}") = "JaggedArray", "JaggedArray\JaggedArray.csproj", "{D5E10836-4006-4632-A36A-5FED33C6A1EA}"
EndProject
Project("{9A19103F-16F7-4668-BE54-9A1E7A4F7556}") = "ArrayAsParameters", "ArrayAsParameters\ArrayAsParameters.csproj", "{1050269F-938C-4CA9-8E2D-390D44257D7D}"
EndProject
Project("{9A19103F-16F7-4668-BE54-9A1E7A4F7556}") = "ParamsExample", "ParamsExample\ParamsExample.csproj", "{A57D69BC-E925-4EF3-A8B4-1AC7C1B8B8A9}"
EndProject
Project("{9A19103F-16F7-4668-BE54-9A1E7A4F7556}") = "ArrayLista", "ArrayLista\ArrayLista.csproj", "{51C89E81-2BD7-4C76-B3D9-4564228B10B2}"
EndProject
Project("{9A19103F-16F7-4668-BE54-9A1E7A4F7556}") = "Hashtables", "Hashtables\Hashtables.csproj", "{03F49913-3965-4D76-9F1C-2662B21F5FDD}"
EndProject
Project("{9A19103F-16F7-4668-BE54-9A1E7A4F7556}") = "HashTableChallenge", "HashTableChallenge\HashTableChallenge.csproj", "{9E2DFCB5-A3D6-4BC5-A87A-9174E8238A44}"
EndProject
Project("{9A19103F-16F7-4668-BE54-9A1E7A4F7556}") = "DictionariesDemo", "DictionariesDemo\DictionariesDemo.csproj", "{CB11741A-C6E9-4B04-8983-A24965348FE3}"
EndProject
Project("{9A19103F-16F7-4668-BE54-9A1E7A4F7556}") = "StacksDemo", "StacksDemo\StacksDemo.csproj", "{A0D3FB9A-219D-44A9-B510-84FB709ACF45}"
EndProject
Project("{9A19103F-16F7-4668-BE54-9A1E7A4F7556}") = "QueueDemo", "QueueDemo\QueueDemo.csproj", "{E97E584B-24A3-492D-B0DF-82310E705D5C}"
EndProject
Project("{9A19103F-16F7-4668-BE54-9A1E7A4F7556}") = "InheitanceDemo", "InheitanceDemo\InheitanceDemo.csproj", "{661D9950-EC89-4FF8-B10F-C2E4203E8FE6}"
EndProject
Project("{9A19103F-16F7-4668-BE54-9A1E7A4F7556}") = "VirtualOverrideDemo", "VirtualOverrideDemo\VirtualOverrideDemo.csproj", "{BB20822D-3E5E-49FA-B312-12EAEC110924}"
EndProject
Project("{9A19103F-16F7-4668-BE54-9A1E7A4F7556}") = "InheritanceC", "InheritanceC\InheritanceC.csproj", "{8A31B309-D9F1-45E9-9C68-8B830754D6EA}"
EndProject
Project("{9A19103F-16F7-4668-BE54-9A1E7A4F7556}") = "InheritanceC2", "InheritanceC2\InheritanceC2.csproj", "{50F18703-CAA4-48B7-BFAB-3EC70510AB6D}"
EndProject
Project("{9A19103F-16F7-4668-BE54-9A1E7A4F7556}") = "InterfaceDemo", "InterfaceDemo\InterfaceDemo.csproj", "{15B528F7-28D0-41D0-9153-8FAD412271F4}"
EndProject
Project("{9A19103F-16F7-4668-BE54-9A1E7A4F7556}") = "InterfaceDemo2", "InterfaceDemo2\InterfaceDemo2.csproj", "{C7CE3626-5B60-4D77-8243-E96165D5F70C}"
EndProject
Project("{9A19103F-16F7-4668-BE54-9A1E7A4F7556}") = "IEnumerableAndIEnumatorDemo", "IEnumerableAndIEnumatorDemo\IEnumerableAndIEnumatorDemo.csproj", "{9CD0D739-74AB-45A1-BA3C-91609C6EF0EA}"
EndProject
Project("{9A19103F-16F7-4668-BE54-9A1E7A4F7556}") = "IEnumerableDemo", "IEnumerableDemo\IEnumerableDemo.csproj", "{4ECCCA79-7003-4708-BF7B-D47601908005}"
EndProject
Project("{9A19103F-16F7-4668-BE54-9A1E7A4F7556}") = "InumerableDemo2", "InumerableDemo2\InumerableDemo2.csproj", "{A4F0800F-0FAA-46E4-99CD-7A591494EC6F}"
EndProject
Project("{9A19103F-16F7-4668-BE54-9A1E7A4F7556}") = "PolymorphismC", "PolymorphismC\PolymorphismC.csproj", "{E19A1E59-6A68-4E1C-8AD3-1E6C92D5AC1E}"
EndProject
Project("{9A19103F-16F7-4668-BE54-9A1E7A4F7556}") = "AbstractClasses", "AbstractClasses\AbstractClasses.csproj", "{2FFA95A3-93AA-45F4-AF66-A8D504DAE762}"
EndProject
Project("{9A19103F-16F7-4668-BE54-9A1E7A4F7556}") = "FileIO", "FileIO\FileIO.csproj", "{F322E2C4-3AA0-4A3E-A4E0-239FD23309EA}"
EndProject
Project("{9A19103F-16F7-4668-BE54-9A1E7A4F7556}") = "StructC", "StructC\StructC.csproj", "{642083C2-9192-4962-A815-F660910F561B}"
EndProject
Project("{9A19103F-16F7-4668-BE54-9A1E7A4F7556}") = "EnumsC", "EnumsC\EnumsC.csproj", "{6B29BB11-AE61-4437-B3A0-BFD021DEE983}"
EndProject
Project("{9A19103F-16F7-4668-BE54-9A1E7A4F7556}") = "MathE", "MathE\MathE.csproj", "{179B058C-D5DE-437F-AF33-4BACA2796195}"
EndProject
Project("{9A19103F-16F7-4668-BE54-9A1E7A4F7556}") = "RandomE", "RandomE\RandomE.csproj", "{2F94CC5A-716A-4459-ABBC-8984B3BFFB2D}"
EndProject
Project("{9A19103F-16F7-4668-BE54-9A1E7A4F7556}") = "RegExE", "RegExE\RegExE.csproj", "{1A670037-AF38-4BD3-96B3-690E92EA7E0B}"
EndProject
Project("{9A19103F-16F7-4668-BE54-9A1E7A4F7556}") = "DateTimeE", "DateTimeE\DateTimeE.csproj", "{BD4F15F9-9314-4BEC-93A0-9C80A5BD5499}"
EndProject
Project("{FAE04EC0-301F-11D3-BF4B-00C04F79EFBC}") = "NullablesE", "NullablesE\NullablesE.csproj", "{B860C9EF-6134-41DE-8B66-B31F390AEB92}"
EndProject
Project("{FAE04EC0-301F-11D3-BF4B-00C04F79EFBC}") = "MainArgsDemo", "MainArgsDemo\MainArgsDemo.csproj", "{240E1741-0BAF-4673-8F84-4867D0BFF045}"
EndProject
Global
	GlobalSection(SolutionConfigurationPlatforms) = preSolution
		Debug|Any CPU = Debug|Any CPU
		Release|Any CPU = Release|Any CPU
	EndGlobalSection
	GlobalSection(ProjectConfigurationPlatforms) = postSolution
		{7A7F5008-C54C-40F3-82D5-50E0953699C5}.Debug|Any CPU.ActiveCfg = Debug|Any CPU
		{7A7F5008-C54C-40F3-82D5-50E0953699C5}.Debug|Any CPU.Build.0 = Debug|Any CPU
		{7A7F5008-C54C-40F3-82D5-50E0953699C5}.Release|Any CPU.ActiveCfg = Release|Any CPU
		{7A7F5008-C54C-40F3-82D5-50E0953699C5}.Release|Any CPU.Build.0 = Release|Any CPU
		{6B1225D3-CE12-429D-B6CD-C99B129B810B}.Debug|Any CPU.ActiveCfg = Debug|Any CPU
		{6B1225D3-CE12-429D-B6CD-C99B129B810B}.Debug|Any CPU.Build.0 = Debug|Any CPU
		{6B1225D3-CE12-429D-B6CD-C99B129B810B}.Release|Any CPU.ActiveCfg = Release|Any CPU
		{6B1225D3-CE12-429D-B6CD-C99B129B810B}.Release|Any CPU.Build.0 = Release|Any CPU
		{2C6DF903-1AF5-4D23-A1CC-DEADC3EB2398}.Debug|Any CPU.ActiveCfg = Debug|Any CPU
		{2C6DF903-1AF5-4D23-A1CC-DEADC3EB2398}.Debug|Any CPU.Build.0 = Debug|Any CPU
		{2C6DF903-1AF5-4D23-A1CC-DEADC3EB2398}.Release|Any CPU.ActiveCfg = Release|Any CPU
		{2C6DF903-1AF5-4D23-A1CC-DEADC3EB2398}.Release|Any CPU.Build.0 = Release|Any CPU
		{E6411FA0-4C65-44B9-AE47-F7BD654C5444}.Debug|Any CPU.ActiveCfg = Debug|Any CPU
		{E6411FA0-4C65-44B9-AE47-F7BD654C5444}.Debug|Any CPU.Build.0 = Debug|Any CPU
		{E6411FA0-4C65-44B9-AE47-F7BD654C5444}.Release|Any CPU.ActiveCfg = Release|Any CPU
		{E6411FA0-4C65-44B9-AE47-F7BD654C5444}.Release|Any CPU.Build.0 = Release|Any CPU
		{D5E10836-4006-4632-A36A-5FED33C6A1EA}.Debug|Any CPU.ActiveCfg = Debug|Any CPU
		{D5E10836-4006-4632-A36A-5FED33C6A1EA}.Debug|Any CPU.Build.0 = Debug|Any CPU
		{D5E10836-4006-4632-A36A-5FED33C6A1EA}.Release|Any CPU.ActiveCfg = Release|Any CPU
		{D5E10836-4006-4632-A36A-5FED33C6A1EA}.Release|Any CPU.Build.0 = Release|Any CPU
		{1050269F-938C-4CA9-8E2D-390D44257D7D}.Debug|Any CPU.ActiveCfg = Debug|Any CPU
		{1050269F-938C-4CA9-8E2D-390D44257D7D}.Debug|Any CPU.Build.0 = Debug|Any CPU
		{1050269F-938C-4CA9-8E2D-390D44257D7D}.Release|Any CPU.ActiveCfg = Release|Any CPU
		{1050269F-938C-4CA9-8E2D-390D44257D7D}.Release|Any CPU.Build.0 = Release|Any CPU
		{A57D69BC-E925-4EF3-A8B4-1AC7C1B8B8A9}.Debug|Any CPU.ActiveCfg = Debug|Any CPU
		{A57D69BC-E925-4EF3-A8B4-1AC7C1B8B8A9}.Debug|Any CPU.Build.0 = Debug|Any CPU
		{A57D69BC-E925-4EF3-A8B4-1AC7C1B8B8A9}.Release|Any CPU.ActiveCfg = Release|Any CPU
		{A57D69BC-E925-4EF3-A8B4-1AC7C1B8B8A9}.Release|Any CPU.Build.0 = Release|Any CPU
		{51C89E81-2BD7-4C76-B3D9-4564228B10B2}.Debug|Any CPU.ActiveCfg = Debug|Any CPU
		{51C89E81-2BD7-4C76-B3D9-4564228B10B2}.Debug|Any CPU.Build.0 = Debug|Any CPU
		{51C89E81-2BD7-4C76-B3D9-4564228B10B2}.Release|Any CPU.ActiveCfg = Release|Any CPU
		{51C89E81-2BD7-4C76-B3D9-4564228B10B2}.Release|Any CPU.Build.0 = Release|Any CPU
		{03F49913-3965-4D76-9F1C-2662B21F5FDD}.Debug|Any CPU.ActiveCfg = Debug|Any CPU
		{03F49913-3965-4D76-9F1C-2662B21F5FDD}.Debug|Any CPU.Build.0 = Debug|Any CPU
		{03F49913-3965-4D76-9F1C-2662B21F5FDD}.Release|Any CPU.ActiveCfg = Release|Any CPU
		{03F49913-3965-4D76-9F1C-2662B21F5FDD}.Release|Any CPU.Build.0 = Release|Any CPU
		{9E2DFCB5-A3D6-4BC5-A87A-9174E8238A44}.Debug|Any CPU.ActiveCfg = Debug|Any CPU
		{9E2DFCB5-A3D6-4BC5-A87A-9174E8238A44}.Debug|Any CPU.Build.0 = Debug|Any CPU
		{9E2DFCB5-A3D6-4BC5-A87A-9174E8238A44}.Release|Any CPU.ActiveCfg = Release|Any CPU
		{9E2DFCB5-A3D6-4BC5-A87A-9174E8238A44}.Release|Any CPU.Build.0 = Release|Any CPU
		{CB11741A-C6E9-4B04-8983-A24965348FE3}.Debug|Any CPU.ActiveCfg = Debug|Any CPU
		{CB11741A-C6E9-4B04-8983-A24965348FE3}.Debug|Any CPU.Build.0 = Debug|Any CPU
		{CB11741A-C6E9-4B04-8983-A24965348FE3}.Release|Any CPU.ActiveCfg = Release|Any CPU
		{CB11741A-C6E9-4B04-8983-A24965348FE3}.Release|Any CPU.Build.0 = Release|Any CPU
		{A0D3FB9A-219D-44A9-B510-84FB709ACF45}.Debug|Any CPU.ActiveCfg = Debug|Any CPU
		{A0D3FB9A-219D-44A9-B510-84FB709ACF45}.Debug|Any CPU.Build.0 = Debug|Any CPU
		{A0D3FB9A-219D-44A9-B510-84FB709ACF45}.Release|Any CPU.ActiveCfg = Release|Any CPU
		{A0D3FB9A-219D-44A9-B510-84FB709ACF45}.Release|Any CPU.Build.0 = Release|Any CPU
		{E97E584B-24A3-492D-B0DF-82310E705D5C}.Debug|Any CPU.ActiveCfg = Debug|Any CPU
		{E97E584B-24A3-492D-B0DF-82310E705D5C}.Debug|Any CPU.Build.0 = Debug|Any CPU
		{E97E584B-24A3-492D-B0DF-82310E705D5C}.Release|Any CPU.ActiveCfg = Release|Any CPU
		{E97E584B-24A3-492D-B0DF-82310E705D5C}.Release|Any CPU.Build.0 = Release|Any CPU
		{661D9950-EC89-4FF8-B10F-C2E4203E8FE6}.Debug|Any CPU.ActiveCfg = Debug|Any CPU
		{661D9950-EC89-4FF8-B10F-C2E4203E8FE6}.Debug|Any CPU.Build.0 = Debug|Any CPU
		{661D9950-EC89-4FF8-B10F-C2E4203E8FE6}.Release|Any CPU.ActiveCfg = Release|Any CPU
		{661D9950-EC89-4FF8-B10F-C2E4203E8FE6}.Release|Any CPU.Build.0 = Release|Any CPU
		{BB20822D-3E5E-49FA-B312-12EAEC110924}.Debug|Any CPU.ActiveCfg = Debug|Any CPU
		{BB20822D-3E5E-49FA-B312-12EAEC110924}.Debug|Any CPU.Build.0 = Debug|Any CPU
		{BB20822D-3E5E-49FA-B312-12EAEC110924}.Release|Any CPU.ActiveCfg = Release|Any CPU
		{BB20822D-3E5E-49FA-B312-12EAEC110924}.Release|Any CPU.Build.0 = Release|Any CPU
		{8A31B309-D9F1-45E9-9C68-8B830754D6EA}.Debug|Any CPU.ActiveCfg = Debug|Any CPU
		{8A31B309-D9F1-45E9-9C68-8B830754D6EA}.Debug|Any CPU.Build.0 = Debug|Any CPU
		{8A31B309-D9F1-45E9-9C68-8B830754D6EA}.Release|Any CPU.ActiveCfg = Release|Any CPU
		{8A31B309-D9F1-45E9-9C68-8B830754D6EA}.Release|Any CPU.Build.0 = Release|Any CPU
		{50F18703-CAA4-48B7-BFAB-3EC70510AB6D}.Debug|Any CPU.ActiveCfg = Debug|Any CPU
		{50F18703-CAA4-48B7-BFAB-3EC70510AB6D}.Debug|Any CPU.Build.0 = Debug|Any CPU
		{50F18703-CAA4-48B7-BFAB-3EC70510AB6D}.Release|Any CPU.ActiveCfg = Release|Any CPU
		{50F18703-CAA4-48B7-BFAB-3EC70510AB6D}.Release|Any CPU.Build.0 = Release|Any CPU
		{15B528F7-28D0-41D0-9153-8FAD412271F4}.Debug|Any CPU.ActiveCfg = Debug|Any CPU
		{15B528F7-28D0-41D0-9153-8FAD412271F4}.Debug|Any CPU.Build.0 = Debug|Any CPU
		{15B528F7-28D0-41D0-9153-8FAD412271F4}.Release|Any CPU.ActiveCfg = Release|Any CPU
		{15B528F7-28D0-41D0-9153-8FAD412271F4}.Release|Any CPU.Build.0 = Release|Any CPU
		{C7CE3626-5B60-4D77-8243-E96165D5F70C}.Debug|Any CPU.ActiveCfg = Debug|Any CPU
		{C7CE3626-5B60-4D77-8243-E96165D5F70C}.Debug|Any CPU.Build.0 = Debug|Any CPU
		{C7CE3626-5B60-4D77-8243-E96165D5F70C}.Release|Any CPU.ActiveCfg = Release|Any CPU
		{C7CE3626-5B60-4D77-8243-E96165D5F70C}.Release|Any CPU.Build.0 = Release|Any CPU
		{9CD0D739-74AB-45A1-BA3C-91609C6EF0EA}.Debug|Any CPU.ActiveCfg = Debug|Any CPU
		{9CD0D739-74AB-45A1-BA3C-91609C6EF0EA}.Debug|Any CPU.Build.0 = Debug|Any CPU
		{9CD0D739-74AB-45A1-BA3C-91609C6EF0EA}.Release|Any CPU.ActiveCfg = Release|Any CPU
		{9CD0D739-74AB-45A1-BA3C-91609C6EF0EA}.Release|Any CPU.Build.0 = Release|Any CPU
		{4ECCCA79-7003-4708-BF7B-D47601908005}.Debug|Any CPU.ActiveCfg = Debug|Any CPU
		{4ECCCA79-7003-4708-BF7B-D47601908005}.Debug|Any CPU.Build.0 = Debug|Any CPU
		{4ECCCA79-7003-4708-BF7B-D47601908005}.Release|Any CPU.ActiveCfg = Release|Any CPU
		{4ECCCA79-7003-4708-BF7B-D47601908005}.Release|Any CPU.Build.0 = Release|Any CPU
		{A4F0800F-0FAA-46E4-99CD-7A591494EC6F}.Debug|Any CPU.ActiveCfg = Debug|Any CPU
		{A4F0800F-0FAA-46E4-99CD-7A591494EC6F}.Debug|Any CPU.Build.0 = Debug|Any CPU
		{A4F0800F-0FAA-46E4-99CD-7A591494EC6F}.Release|Any CPU.ActiveCfg = Release|Any CPU
		{A4F0800F-0FAA-46E4-99CD-7A591494EC6F}.Release|Any CPU.Build.0 = Release|Any CPU
		{E19A1E59-6A68-4E1C-8AD3-1E6C92D5AC1E}.Debug|Any CPU.ActiveCfg = Debug|Any CPU
		{E19A1E59-6A68-4E1C-8AD3-1E6C92D5AC1E}.Debug|Any CPU.Build.0 = Debug|Any CPU
		{E19A1E59-6A68-4E1C-8AD3-1E6C92D5AC1E}.Release|Any CPU.ActiveCfg = Release|Any CPU
		{E19A1E59-6A68-4E1C-8AD3-1E6C92D5AC1E}.Release|Any CPU.Build.0 = Release|Any CPU
		{2FFA95A3-93AA-45F4-AF66-A8D504DAE762}.Debug|Any CPU.ActiveCfg = Debug|Any CPU
		{2FFA95A3-93AA-45F4-AF66-A8D504DAE762}.Debug|Any CPU.Build.0 = Debug|Any CPU
		{2FFA95A3-93AA-45F4-AF66-A8D504DAE762}.Release|Any CPU.ActiveCfg = Release|Any CPU
		{2FFA95A3-93AA-45F4-AF66-A8D504DAE762}.Release|Any CPU.Build.0 = Release|Any CPU
		{F322E2C4-3AA0-4A3E-A4E0-239FD23309EA}.Debug|Any CPU.ActiveCfg = Debug|Any CPU
		{F322E2C4-3AA0-4A3E-A4E0-239FD23309EA}.Debug|Any CPU.Build.0 = Debug|Any CPU
		{F322E2C4-3AA0-4A3E-A4E0-239FD23309EA}.Release|Any CPU.ActiveCfg = Release|Any CPU
		{F322E2C4-3AA0-4A3E-A4E0-239FD23309EA}.Release|Any CPU.Build.0 = Release|Any CPU
		{642083C2-9192-4962-A815-F660910F561B}.Debug|Any CPU.ActiveCfg = Debug|Any CPU
		{642083C2-9192-4962-A815-F660910F561B}.Debug|Any CPU.Build.0 = Debug|Any CPU
		{642083C2-9192-4962-A815-F660910F561B}.Release|Any CPU.ActiveCfg = Release|Any CPU
		{642083C2-9192-4962-A815-F660910F561B}.Release|Any CPU.Build.0 = Release|Any CPU
		{6B29BB11-AE61-4437-B3A0-BFD021DEE983}.Debug|Any CPU.ActiveCfg = Debug|Any CPU
		{6B29BB11-AE61-4437-B3A0-BFD021DEE983}.Debug|Any CPU.Build.0 = Debug|Any CPU
		{6B29BB11-AE61-4437-B3A0-BFD021DEE983}.Release|Any CPU.ActiveCfg = Release|Any CPU
		{6B29BB11-AE61-4437-B3A0-BFD021DEE983}.Release|Any CPU.Build.0 = Release|Any CPU
		{179B058C-D5DE-437F-AF33-4BACA2796195}.Debug|Any CPU.ActiveCfg = Debug|Any CPU
		{179B058C-D5DE-437F-AF33-4BACA2796195}.Debug|Any CPU.Build.0 = Debug|Any CPU
		{179B058C-D5DE-437F-AF33-4BACA2796195}.Release|Any CPU.ActiveCfg = Release|Any CPU
		{179B058C-D5DE-437F-AF33-4BACA2796195}.Release|Any CPU.Build.0 = Release|Any CPU
		{2F94CC5A-716A-4459-ABBC-8984B3BFFB2D}.Debug|Any CPU.ActiveCfg = Debug|Any CPU
		{2F94CC5A-716A-4459-ABBC-8984B3BFFB2D}.Debug|Any CPU.Build.0 = Debug|Any CPU
		{2F94CC5A-716A-4459-ABBC-8984B3BFFB2D}.Release|Any CPU.ActiveCfg = Release|Any CPU
		{2F94CC5A-716A-4459-ABBC-8984B3BFFB2D}.Release|Any CPU.Build.0 = Release|Any CPU
		{1A670037-AF38-4BD3-96B3-690E92EA7E0B}.Debug|Any CPU.ActiveCfg = Debug|Any CPU
		{1A670037-AF38-4BD3-96B3-690E92EA7E0B}.Debug|Any CPU.Build.0 = Debug|Any CPU
		{1A670037-AF38-4BD3-96B3-690E92EA7E0B}.Release|Any CPU.ActiveCfg = Release|Any CPU
		{1A670037-AF38-4BD3-96B3-690E92EA7E0B}.Release|Any CPU.Build.0 = Release|Any CPU
		{BD4F15F9-9314-4BEC-93A0-9C80A5BD5499}.Debug|Any CPU.ActiveCfg = Debug|Any CPU
		{BD4F15F9-9314-4BEC-93A0-9C80A5BD5499}.Debug|Any CPU.Build.0 = Debug|Any CPU
		{BD4F15F9-9314-4BEC-93A0-9C80A5BD5499}.Release|Any CPU.ActiveCfg = Release|Any CPU
		{BD4F15F9-9314-4BEC-93A0-9C80A5BD5499}.Release|Any CPU.Build.0 = Release|Any CPU
		{B860C9EF-6134-41DE-8B66-B31F390AEB92}.Debug|Any CPU.ActiveCfg = Debug|Any CPU
		{B860C9EF-6134-41DE-8B66-B31F390AEB92}.Debug|Any CPU.Build.0 = Debug|Any CPU
		{B860C9EF-6134-41DE-8B66-B31F390AEB92}.Release|Any CPU.ActiveCfg = Release|Any CPU
		{B860C9EF-6134-41DE-8B66-B31F390AEB92}.Release|Any CPU.Build.0 = Release|Any CPU
		{240E1741-0BAF-4673-8F84-4867D0BFF045}.Debug|Any CPU.ActiveCfg = Debug|Any CPU
		{240E1741-0BAF-4673-8F84-4867D0BFF045}.Debug|Any CPU.Build.0 = Debug|Any CPU
		{240E1741-0BAF-4673-8F84-4867D0BFF045}.Release|Any CPU.ActiveCfg = Release|Any CPU
		{240E1741-0BAF-4673-8F84-4867D0BFF045}.Release|Any CPU.Build.0 = Release|Any CPU
	EndGlobalSection
	GlobalSection(SolutionProperties) = preSolution
		HideSolutionNode = FALSE
	EndGlobalSection
	GlobalSection(ExtensibilityGlobals) = postSolution
		SolutionGuid = {83411EFB-2023-4F1A-99D9-3F4EC28F689B}
	EndGlobalSection
EndGlobal
